
Microsoft Visual Studio Solution File, Format Version 12.00
# Visual Studio Version 16
VisualStudioVersion = 16.0.30320.27
MinimumVisualStudioVersion = 10.0.40219.1
Project("{FAE04EC0-301F-11D3-BF4B-00C04F79EFBC}") = "GorakhaEcommerce", "GorakhaEcommerce\GorakhaEcommerce.csproj", "{B29D0B6B-A247-4512-A237-6FB5CBB34667}"
EndProject
Global
	GlobalSection(SolutionConfigurationPlatforms) = preSolution
		Debug|Any CPU = Debug|Any CPU
		Release|Any CPU = Release|Any CPU
	EndGlobalSection
	GlobalSection(ProjectConfigurationPlatforms) = postSolution
		{B29D0B6B-A247-4512-A237-6FB5CBB34667}.Debug|Any CPU.ActiveCfg = Debug|Any CPU
		{B29D0B6B-A247-4512-A237-6FB5CBB34667}.Debug|Any CPU.Build.0 = Debug|Any CPU
		{B29D0B6B-A247-4512-A237-6FB5CBB34667}.Release|Any CPU.ActiveCfg = Release|Any CPU
		{B29D0B6B-A247-4512-A237-6FB5CBB34667}.Release|Any CPU.Build.0 = Release|Any CPU
	EndGlobalSection
	GlobalSection(SolutionProperties) = preSolution
		HideSolutionNode = FALSE
	EndGlobalSection
	GlobalSection(ExtensibilityGlobals) = postSolution
		SolutionGuid = {33199B1C-E9F7-408F-A9C6-894703E8767B}
	EndGlobalSection
EndGlobal
